
Microsoft Visual Studio Solution File, Format Version 12.00
# Visual Studio 15
VisualStudioVersion = 15.0.26124.0
MinimumVisualStudioVersion = 15.0.26124.0
Project("{FAE04EC0-301F-11D3-BF4B-00C04F79EFBC}") = "Mummifier", "Mummifier\Mummifier.csproj", "{B06E668C-6C43-414A-A9BA-D1A4367F9200}"
EndProject
Project("{FAE04EC0-301F-11D3-BF4B-00C04F79EFBC}") = "Mummifier.Tests", "Mummifier.Tests\Mummifier.Tests.csproj", "{37DA3117-00C3-49B9-861C-FCF57DFC1703}"
EndProject
Global
	GlobalSection(SolutionConfigurationPlatforms) = preSolution
		Debug|Any CPU = Debug|Any CPU
		Debug|x64 = Debug|x64
		Debug|x86 = Debug|x86
		Release|Any CPU = Release|Any CPU
		Release|x64 = Release|x64
		Release|x86 = Release|x86
	EndGlobalSection
	GlobalSection(SolutionProperties) = preSolution
		HideSolutionNode = FALSE
	EndGlobalSection
	GlobalSection(ProjectConfigurationPlatforms) = postSolution
		{B06E668C-6C43-414A-A9BA-D1A4367F9200}.Debug|Any CPU.ActiveCfg = Debug|Any CPU
		{B06E668C-6C43-414A-A9BA-D1A4367F9200}.Debug|Any CPU.Build.0 = Debug|Any CPU
		{B06E668C-6C43-414A-A9BA-D1A4367F9200}.Debug|x64.ActiveCfg = Debug|Any CPU
		{B06E668C-6C43-414A-A9BA-D1A4367F9200}.Debug|x64.Build.0 = Debug|Any CPU
		{B06E668C-6C43-414A-A9BA-D1A4367F9200}.Debug|x86.ActiveCfg = Debug|Any CPU
		{B06E668C-6C43-414A-A9BA-D1A4367F9200}.Debug|x86.Build.0 = Debug|Any CPU
		{B06E668C-6C43-414A-A9BA-D1A4367F9200}.Release|Any CPU.ActiveCfg = Release|Any CPU
		{B06E668C-6C43-414A-A9BA-D1A4367F9200}.Release|Any CPU.Build.0 = Release|Any CPU
		{B06E668C-6C43-414A-A9BA-D1A4367F9200}.Release|x64.ActiveCfg = Release|Any CPU
		{B06E668C-6C43-414A-A9BA-D1A4367F9200}.Release|x64.Build.0 = Release|Any CPU
		{B06E668C-6C43-414A-A9BA-D1A4367F9200}.Release|x86.ActiveCfg = Release|Any CPU
		{B06E668C-6C43-414A-A9BA-D1A4367F9200}.Release|x86.Build.0 = Release|Any CPU
		{37DA3117-00C3-49B9-861C-FCF57DFC1703}.Debug|Any CPU.ActiveCfg = Debug|Any CPU
		{37DA3117-00C3-49B9-861C-FCF57DFC1703}.Debug|Any CPU.Build.0 = Debug|Any CPU
		{37DA3117-00C3-49B9-861C-FCF57DFC1703}.Debug|x64.ActiveCfg = Debug|Any CPU
		{37DA3117-00C3-49B9-861C-FCF57DFC1703}.Debug|x64.Build.0 = Debug|Any CPU
		{37DA3117-00C3-49B9-861C-FCF57DFC1703}.Debug|x86.ActiveCfg = Debug|Any CPU
		{37DA3117-00C3-49B9-861C-FCF57DFC1703}.Debug|x86.Build.0 = Debug|Any CPU
		{37DA3117-00C3-49B9-861C-FCF57DFC1703}.Release|Any CPU.ActiveCfg = Release|Any CPU
		{37DA3117-00C3-49B9-861C-FCF57DFC1703}.Release|Any CPU.Build.0 = Release|Any CPU
		{37DA3117-00C3-49B9-861C-FCF57DFC1703}.Release|x64.ActiveCfg = Release|Any CPU
		{37DA3117-00C3-49B9-861C-FCF57DFC1703}.Release|x64.Build.0 = Release|Any CPU
		{37DA3117-00C3-49B9-861C-FCF57DFC1703}.Release|x86.ActiveCfg = Release|Any CPU
		{37DA3117-00C3-49B9-861C-FCF57DFC1703}.Release|x86.Build.0 = Release|Any CPU
	EndGlobalSection
EndGlobal
